// !$*UTF8*$!
{
	archiveVersion = 1;
	classes = {
	};
	objectVersion = 46;
	objects = {

/* Begin PBXBuildFile section */
		178DE8C11C63B04A00840323 /* main.c in Sources */ = {isa = PBXBuildFile; fileRef = 178DE8C01C63B04A00840323 /* main.c */; };
/* End PBXBuildFile section */

/* Begin PBXCopyFilesBuildPhase section */
		178DE8BB1C63B04A00840323 /* CopyFiles */ = {
			isa = PBXCopyFilesBuildPhase;
			buildActionMask = 2147483647;
			dstPath = /usr/share/man/man1/;
			dstSubfolderSpec = 0;
			files = (
			);
			runOnlyForDeploymentPostprocessing = 1;
		};
/* End PBXCopyFilesBuildPhase section */

/* Begin PBXFileReference section */
		178DE8BD1C63B04A00840323 /* Procesos_EJ2 */ = {isa = PBXFileReference; explicitFileType = "compiled.mach-o.executable"; includeInIndex = 0; path = Procesos_EJ2; sourceTree = BUILT_PRODUCTS_DIR; };
		178DE8C01C63B04A00840323 /* main.c */ = {isa = PBXFileReference; lastKnownFileType = sourcecode.c.c; path = main.c; sourceTree = "<group>"; };
/* End PBXFileReference section */

/* Begin PBXFrameworksBuildPhase section */
		178DE8BA1C63B04A00840323 /* Frameworks */ = {
			isa = PBXFrameworksBuildPhase;
			buildActionMask = 2147483647;
			files = (
			);
			runOnlyForDeploymentPostprocessing = 0;
		};
/* End PBXFrameworksBuildPhase section */

/* Begin PBXGroup section */
		178DE8B41C63B04A00840323 = {
			isa = PBXGroup;
			children = (
				178DE8BF1C63B04A00840323 /* Procesos_EJ2 */,
				178DE8BE1C63B04A00840323 /* Products */,
			);
			sourceTree = "<group>";
		};
		178DE8BE1C63B04A00840323 /* Products */ = {
			isa = PBXGroup;
			children = (
				178DE8BD1C63B04A00840323 /* Procesos_EJ2 */,
			);
			name = Products;
			sourceTree = "<group>";
		};
		178DE8BF1C63B04A00840323 /* Procesos_EJ2 */ = {
			isa = PBXGroup;
			children = (
				178DE8C01C63B04A00840323 /* main.c */,
			);
			path = Procesos_EJ2;
			sourceTree = "<group>";
		};
/* End PBXGroup section */

/* Begin PBXNativeTarget section */
		178DE8BC1C63B04A00840323 /* Procesos_EJ2 */ = {
			isa = PBXNativeTarget;
			buildConfigurationList = 178DE8C41C63B04A00840323 /* Build configuration list for PBXNativeTarget "Procesos_EJ2" */;
			buildPhases = (
				178DE8B91C63B04A00840323 /* Sources */,
				178DE8BA1C63B04A00840323 /* Frameworks */,
				178DE8BB1C63B04A00840323 /* CopyFiles */,
			);
			buildRules = (
			);
			dependencies = (
			);
			name = Procesos_EJ2;
			productName = Procesos_EJ2;
			productReference = 178DE8BD1C63B04A00840323 /* Procesos_EJ2 */;
			productType = "com.apple.product-type.tool";
		};
/* End PBXNativeTarget section */

/* Begin PBXProject section */
		178DE8B51C63B04A00840323 /* Project object */ = {
			isa = PBXProject;
			attributes = {
				LastUpgradeCheck = 0720;
				ORGANIZATIONNAME = "Abraham Esses";
				TargetAttributes = {
					178DE8BC1C63B04A00840323 = {
						CreatedOnToolsVersion = 7.2;
					};
				};
			};
			buildConfigurationList = 178DE8B81C63B04A00840323 /* Build configuration list for PBXProject "Procesos_EJ2" */;
			compatibilityVersion = "Xcode 3.2";
			developmentRegion = English;
			hasScannedForEncodings = 0;
			knownRegions = (
				en,
			);
			mainGroup = 178DE8B41C63B04A00840323;
			productRefGroup = 178DE8BE1C63B04A00840323 /* Products */;
			projectDirPath = "";
			projectRoot = "";
			targets = (
				178DE8BC1C63B04A00840323 /* Procesos_EJ2 */,
			);
		};
/* End PBXProject section */

/* Begin PBXSourcesBuildPhase section */
		178DE8B91C63B04A00840323 /* Sources */ = {
			isa = PBXSourcesBuildPhase;
			buildActionMask = 2147483647;
			files = (
				178DE8C11C63B04A00840323 /* main.c in Sources */,
			);
			runOnlyForDeploymentPostprocessing = 0;
		};
/* End PBXSourcesBuildPhase section */

/* Begin XCBuildConfiguration section */
		178DE8C21C63B04A00840323 /* Debug */ = {
			isa = XCBuildConfiguration;
			buildSettings = {
				ALWAYS_SEARCH_USER_PATHS = NO;
				CLANG_CXX_LANGUAGE_STANDARD = "gnu++0x";
				CLANG_CXX_LIBRARY = "libc++";
				CLANG_ENABLE_MODULES = YES;
				CLANG_ENABLE_OBJC_ARC = YES;
				CLANG_WARN_BOOL_CONVERSION = YES;
				CLANG_WARN_CONSTANT_CONVERSION = YES;
				CLANG_WARN_DIRECT_OBJC_ISA_USAGE = YES_ERROR;
				CLANG_WARN_EMPTY_BODY = YES;
				CLANG_WARN_ENUM_CONVERSION = YES;
				CLANG_WARN_INT_CONVERSION = YES;
				CLANG_WARN_OBJC_ROOT_CLASS = YES_ERROR;
				CLANG_WARN_UNREACHABLE_CODE = YES;
				CLANG_WARN__DUPLICATE_METHOD_MATCH = YES;
				CODE_SIGN_IDENTITY = "-";
				COPY_PHASE_STRIP = NO;
				DEBUG_INFORMATION_FORMAT = dwarf;
				ENABLE_STRICT_OBJC_MSGSEND = YES;
				ENABLE_TESTABILITY = YES;
				GCC_C_LANGUAGE_STANDARD = gnu99;
				GCC_DYNAMIC_NO_PIC = NO;
				GCC_NO_COMMON_BLOCKS = YES;
				GCC_OPTIMIZATION_LEVEL = 0;
				GCC_PREPROCESSOR_DEFINITIONS = (
					"DEBUG=1",
					"$(inherited)",
				);
				GCC_WARN_64_TO_32_BIT_CONVERSION = YES;
				GCC_WARN_ABOUT_RETURN_TYPE = YES_ERROR;
				GCC_WARN_UNDECLARED_SELECTOR = YES;
				GCC_WARN_UNINITIALIZED_AUTOS = YES_AGGRESSIVE;
				GCC_WARN_UNUSED_FUNCTION = YES;
				GCC_WARN_UNUSED_VARIABLE = YES;
				MACOSX_DEPLOYMENT_TARGET = 10.11;
				MTL_ENABLE_DEBUG_INFO = YES;
				ONLY_ACTIVE_ARCH = YES;
				SDKROOT = macosx;
			};
			name = Debug;
		};
		178DE8C31C63B04A00840323 /* Release */ = {
			isa = XCBuildConfiguration;
			buildSettings = {
				ALWAYS_SEARCH_USER_PATHS = NO;
				CLANG_CXX_LANGUAGE_STANDARD = "gnu++0x";
				CLANG_CXX_LIBRARY = "libc++";
				CLANG_ENABLE_MODULES = YES;
				CLANG_ENABLE_OBJC_ARC = YES;
				CLANG_WARN_BOOL_CONVERSION = YES;
				CLANG_WARN_CONSTANT_CONVERSION = YES;
				CLANG_WARN_DIRECT_OBJC_ISA_USAGE = YES_ERROR;
				CLANG_WARN_EMPTY_BODY = YES;
				CLANG_WARN_ENUM_CONVERSION = YES;
				CLANG_WARN_INT_CONVERSION = YES;
				CLANG_WARN_OBJC_ROOT_CLASS = YES_ERROR;
				CLANG_WARN_UNREACHABLE_CODE = YES;
				CLANG_WARN__DUPLICATE_METHOD_MATCH = YES;
				CODE_SIGN_IDENTITY = "-";
				COPY_PHASE_STRIP = NO;
				DEBUG_INFORMATION_FORMAT = "dwarf-with-dsym";
				ENABLE_NS_ASSERTIONS = NO;
				ENABLE_STRICT_OBJC_MSGSEND = YES;
				GCC_C_LANGUAGE_STANDARD = gnu99;
				GCC_NO_COMMON_BLOCKS = YES;
				GCC_WARN_64_TO_32_BIT_CONVERSION = YES;
				GCC_WARN_ABOUT_RETURN_TYPE = YES_ERROR;
				GCC_WARN_UNDECLARED_SELECTOR = YES;
				GCC_WARN_UNINITIALIZED_AUTOS = YES_AGGRESSIVE;
				GCC_WARN_UNUSED_FUNCTION = YES;
				GCC_WARN_UNUSED_VARIABLE = YES;
				MACOSX_DEPLOYMENT_TARGET = 10.11;
				MTL_ENABLE_DEBUG_INFO = NO;
				SDKROOT = macosx;
			};
			name = Release;
		};
		178DE8C51C63B04A00840323 /* Debug */ = {
			isa = XCBuildConfiguration;
			buildSettings = {
				PRODUCT_NAME = "$(TARGET_NAME)";
			};
			name = Debug;
		};
		178DE8C61C63B04A00840323 /* Release */ = {
			isa = XCBuildConfiguration;
			buildSettings = {
				PRODUCT_NAME = "$(TARGET_NAME)";
			};
			name = Release;
		};
/* End XCBuildConfiguration section */

/* Begin XCConfigurationList section */
		178DE8B81C63B04A00840323 /* Build configuration list for PBXProject "Procesos_EJ2" */ = {
			isa = XCConfigurationList;
			buildConfigurations = (
				178DE8C21C63B04A00840323 /* Debug */,
				178DE8C31C63B04A00840323 /* Release */,
			);
			defaultConfigurationIsVisible = 0;
			defaultConfigurationName = Release;
		};
		178DE8C41C63B04A00840323 /* Build configuration list for PBXNativeTarget "Procesos_EJ2" */ = {
			isa = XCConfigurationList;
			buildConfigurations = (
				178DE8C51C63B04A00840323 /* Debug */,
				178DE8C61C63B04A00840323 /* Release */,
			);
			defaultConfigurationIsVisible = 0;
		};
/* End XCConfigurationList section */
	};
	rootObject = 178DE8B51C63B04A00840323 /* Project object */;
}
